
Microsoft Visual Studio Solution File, Format Version 12.00
# Visual Studio Version 17
VisualStudioVersion = 17.2.32519.379
MinimumVisualStudioVersion = 10.0.40219.1
Project("{FAE04EC0-301F-11D3-BF4B-00C04F79EFBC}") = "BAI 3", "BAI 3\BAI 3.csproj", "{79F79E68-EED2-4BA9-8748-A7DE48AEF412}"
EndProject
Global
	GlobalSection(SolutionConfigurationPlatforms) = preSolution
		Debug|Any CPU = Debug|Any CPU
		Release|Any CPU = Release|Any CPU
	EndGlobalSection
	GlobalSection(ProjectConfigurationPlatforms) = postSolution
		{79F79E68-EED2-4BA9-8748-A7DE48AEF412}.Debug|Any CPU.ActiveCfg = Debug|Any CPU
		{79F79E68-EED2-4BA9-8748-A7DE48AEF412}.Debug|Any CPU.Build.0 = Debug|Any CPU
		{79F79E68-EED2-4BA9-8748-A7DE48AEF412}.Release|Any CPU.ActiveCfg = Release|Any CPU
		{79F79E68-EED2-4BA9-8748-A7DE48AEF412}.Release|Any CPU.Build.0 = Release|Any CPU
	EndGlobalSection
	GlobalSection(SolutionProperties) = preSolution
		HideSolutionNode = FALSE
	EndGlobalSection
	GlobalSection(ExtensibilityGlobals) = postSolution
		SolutionGuid = {C8703041-4012-445C-BA01-3921A18B064D}
	EndGlobalSection
EndGlobal
