
Microsoft Visual Studio Solution File, Format Version 12.00
# Visual Studio Version 17
VisualStudioVersion = 17.2.32519.379
MinimumVisualStudioVersion = 10.0.40219.1
Project("{FAE04EC0-301F-11D3-BF4B-00C04F79EFBC}") = "BAI 12", "BAI 12\BAI 12.csproj", "{72BFEA55-8E48-4EDB-844E-A3C0EABBFAE3}"
EndProject
Global
	GlobalSection(SolutionConfigurationPlatforms) = preSolution
		Debug|Any CPU = Debug|Any CPU
		Release|Any CPU = Release|Any CPU
	EndGlobalSection
	GlobalSection(ProjectConfigurationPlatforms) = postSolution
		{72BFEA55-8E48-4EDB-844E-A3C0EABBFAE3}.Debug|Any CPU.ActiveCfg = Debug|Any CPU
		{72BFEA55-8E48-4EDB-844E-A3C0EABBFAE3}.Debug|Any CPU.Build.0 = Debug|Any CPU
		{72BFEA55-8E48-4EDB-844E-A3C0EABBFAE3}.Release|Any CPU.ActiveCfg = Release|Any CPU
		{72BFEA55-8E48-4EDB-844E-A3C0EABBFAE3}.Release|Any CPU.Build.0 = Release|Any CPU
	EndGlobalSection
	GlobalSection(SolutionProperties) = preSolution
		HideSolutionNode = FALSE
	EndGlobalSection
	GlobalSection(ExtensibilityGlobals) = postSolution
		SolutionGuid = {E6F0F8D1-5A2B-4D29-BA70-34623A519FD7}
	EndGlobalSection
EndGlobal
